
Microsoft Visual Studio Solution File, Format Version 12.00
# Visual Studio 15
VisualStudioVersion = 15.0.26124.0
MinimumVisualStudioVersion = 15.0.26124.0
Project("{FAE04EC0-301F-11D3-BF4B-00C04F79EFBC}") = "MoqService", "MoqService\MoqService.csproj", "{7EA946AD-FBB8-427C-B917-348FF39542C2}"
EndProject
Project("{FAE04EC0-301F-11D3-BF4B-00C04F79EFBC}") = "MoqService.Tests", "MoqService.Tests\MoqService.Tests.csproj", "{EF96FBA0-55A8-4843-8B4A-AB62E4AC7602}"
EndProject
Global
	GlobalSection(SolutionConfigurationPlatforms) = preSolution
		Debug|Any CPU = Debug|Any CPU
		Debug|x64 = Debug|x64
		Debug|x86 = Debug|x86
		Release|Any CPU = Release|Any CPU
		Release|x64 = Release|x64
		Release|x86 = Release|x86
	EndGlobalSection
	GlobalSection(SolutionProperties) = preSolution
		HideSolutionNode = FALSE
	EndGlobalSection
	GlobalSection(ProjectConfigurationPlatforms) = postSolution
		{7EA946AD-FBB8-427C-B917-348FF39542C2}.Debug|Any CPU.ActiveCfg = Debug|Any CPU
		{7EA946AD-FBB8-427C-B917-348FF39542C2}.Debug|Any CPU.Build.0 = Debug|Any CPU
		{7EA946AD-FBB8-427C-B917-348FF39542C2}.Debug|x64.ActiveCfg = Debug|Any CPU
		{7EA946AD-FBB8-427C-B917-348FF39542C2}.Debug|x64.Build.0 = Debug|Any CPU
		{7EA946AD-FBB8-427C-B917-348FF39542C2}.Debug|x86.ActiveCfg = Debug|Any CPU
		{7EA946AD-FBB8-427C-B917-348FF39542C2}.Debug|x86.Build.0 = Debug|Any CPU
		{7EA946AD-FBB8-427C-B917-348FF39542C2}.Release|Any CPU.ActiveCfg = Release|Any CPU
		{7EA946AD-FBB8-427C-B917-348FF39542C2}.Release|Any CPU.Build.0 = Release|Any CPU
		{7EA946AD-FBB8-427C-B917-348FF39542C2}.Release|x64.ActiveCfg = Release|Any CPU
		{7EA946AD-FBB8-427C-B917-348FF39542C2}.Release|x64.Build.0 = Release|Any CPU
		{7EA946AD-FBB8-427C-B917-348FF39542C2}.Release|x86.ActiveCfg = Release|Any CPU
		{7EA946AD-FBB8-427C-B917-348FF39542C2}.Release|x86.Build.0 = Release|Any CPU
		{EF96FBA0-55A8-4843-8B4A-AB62E4AC7602}.Debug|Any CPU.ActiveCfg = Debug|Any CPU
		{EF96FBA0-55A8-4843-8B4A-AB62E4AC7602}.Debug|Any CPU.Build.0 = Debug|Any CPU
		{EF96FBA0-55A8-4843-8B4A-AB62E4AC7602}.Debug|x64.ActiveCfg = Debug|Any CPU
		{EF96FBA0-55A8-4843-8B4A-AB62E4AC7602}.Debug|x64.Build.0 = Debug|Any CPU
		{EF96FBA0-55A8-4843-8B4A-AB62E4AC7602}.Debug|x86.ActiveCfg = Debug|Any CPU
		{EF96FBA0-55A8-4843-8B4A-AB62E4AC7602}.Debug|x86.Build.0 = Debug|Any CPU
		{EF96FBA0-55A8-4843-8B4A-AB62E4AC7602}.Release|Any CPU.ActiveCfg = Release|Any CPU
		{EF96FBA0-55A8-4843-8B4A-AB62E4AC7602}.Release|Any CPU.Build.0 = Release|Any CPU
		{EF96FBA0-55A8-4843-8B4A-AB62E4AC7602}.Release|x64.ActiveCfg = Release|Any CPU
		{EF96FBA0-55A8-4843-8B4A-AB62E4AC7602}.Release|x64.Build.0 = Release|Any CPU
		{EF96FBA0-55A8-4843-8B4A-AB62E4AC7602}.Release|x86.ActiveCfg = Release|Any CPU
		{EF96FBA0-55A8-4843-8B4A-AB62E4AC7602}.Release|x86.Build.0 = Release|Any CPU
	EndGlobalSection
EndGlobal
